schema: '2.0'
stages:
  stage_01:
    cmd: python stage_01.py
    deps:
    - path: stage_01.py
      hash: md5
      md5: 3691d81101d4592d275dc444f4485b41
      size: 79
    outs:
    - path: artifact.txt
      hash: md5
      md5: d1d78f499e6d45de912dcea316fcc9a1
      size: 21
  stage_02:
    cmd: python stage_02.py
    deps:
    - path: artifact.txt
      hash: md5
      md5: d1d78f499e6d45de912dcea316fcc9a1
      size: 21
    - path: stage_02.py
      hash: md5
      md5: 370627a28ad47ced85b27b98058ec8df
      size: 106
  stage_03:
    cmd: python stage_03.py
    deps:
    - path: artifact.txt
      hash: md5
      md5: 01475a20e285f63c7700953ab48aff5d
      size: 25
    - path: stage_03.py
      hash: md5
      md5: e6d70e17bc8e83af6f367505e939b26e
      size: 150
